
Microsoft Visual Studio Solution File, Format Version 12.00
# Visual Studio 2012
Project("{8BC9CEB8-8B4A-11D0-8D11-00A0C91BC942}") = "vhltvmaker", "vhltvmaker\vhltvmaker.vcxproj", "{89618D76-BF8B-4048-96C4-466F9AE442AF}"
EndProject
Global
	GlobalSection(SolutionConfigurationPlatforms) = preSolution
		Debug|Win32 = Debug|Win32
		Release|Win32 = Release|Win32
	EndGlobalSection
	GlobalSection(ProjectConfigurationPlatforms) = postSolution
		{89618D76-BF8B-4048-96C4-466F9AE442AF}.Debug|Win32.ActiveCfg = Debug|Win32
		{89618D76-BF8B-4048-96C4-466F9AE442AF}.Debug|Win32.Build.0 = Debug|Win32
		{89618D76-BF8B-4048-96C4-466F9AE442AF}.Release|Win32.ActiveCfg = Release|Win32
		{89618D76-BF8B-4048-96C4-466F9AE442AF}.Release|Win32.Build.0 = Release|Win32
	EndGlobalSection
	GlobalSection(SolutionProperties) = preSolution
		HideSolutionNode = FALSE
	EndGlobalSection
EndGlobal
