
Microsoft Visual Studio Solution File, Format Version 12.00
# Visual Studio 2012
Project("{8BC9CEB8-8B4A-11D0-8D11-00A0C91BC942}") = "vhltv_maker", "vhltv_maker\vhltv_maker.vcxproj", "{50574DB2-A992-4288-8601-2FCD7965EC6C}"
EndProject
Global
	GlobalSection(SolutionConfigurationPlatforms) = preSolution
		Debug|Win32 = Debug|Win32
		Release|Win32 = Release|Win32
	EndGlobalSection
	GlobalSection(ProjectConfigurationPlatforms) = postSolution
		{50574DB2-A992-4288-8601-2FCD7965EC6C}.Debug|Win32.ActiveCfg = Debug|Win32
		{50574DB2-A992-4288-8601-2FCD7965EC6C}.Debug|Win32.Build.0 = Debug|Win32
		{50574DB2-A992-4288-8601-2FCD7965EC6C}.Release|Win32.ActiveCfg = Release|Win32
		{50574DB2-A992-4288-8601-2FCD7965EC6C}.Release|Win32.Build.0 = Release|Win32
	EndGlobalSection
	GlobalSection(SolutionProperties) = preSolution
		HideSolutionNode = FALSE
	EndGlobalSection
EndGlobal
